
Microsoft Visual Studio Solution File, Format Version 12.00
# Visual Studio Version 16
VisualStudioVersion = 16.0.29926.136
MinimumVisualStudioVersion = 10.0.40219.1
Project("{FAE04EC0-301F-11D3-BF4B-00C04F79EFBC}") = "AspNetCoreMvcDockerDemo", "AspNetCoreMvcDockerDemo\AspNetCoreMvcDockerDemo.csproj", "{5351A017-EB39-4452-9763-1EF0C10D8DB3}"
EndProject
Global
	GlobalSection(SolutionConfigurationPlatforms) = preSolution
		Debug|Any CPU = Debug|Any CPU
		Release|Any CPU = Release|Any CPU
	EndGlobalSection
	GlobalSection(ProjectConfigurationPlatforms) = postSolution
		{5351A017-EB39-4452-9763-1EF0C10D8DB3}.Debug|Any CPU.ActiveCfg = Debug|Any CPU
		{5351A017-EB39-4452-9763-1EF0C10D8DB3}.Debug|Any CPU.Build.0 = Debug|Any CPU
		{5351A017-EB39-4452-9763-1EF0C10D8DB3}.Release|Any CPU.ActiveCfg = Release|Any CPU
		{5351A017-EB39-4452-9763-1EF0C10D8DB3}.Release|Any CPU.Build.0 = Release|Any CPU
	EndGlobalSection
	GlobalSection(SolutionProperties) = preSolution
		HideSolutionNode = FALSE
	EndGlobalSection
	GlobalSection(ExtensibilityGlobals) = postSolution
		SolutionGuid = {6560C904-146B-49B5-973D-7AF370585C5E}
	EndGlobalSection
EndGlobal
